
Microsoft Visual Studio Solution File, Format Version 12.00
# Visual Studio 14
VisualStudioVersion = 14.0.25420.1
MinimumVisualStudioVersion = 10.0.40219.1
Project("{8BC9CEB8-8B4A-11D0-8D11-00A0C91BC942}") = "TriWorld", "TriWorld\TriWorld.vcxproj", "{C856B780-F8A6-4EFC-B8B2-3689A582F998}"
	ProjectSection(ProjectDependencies) = postProject
		{7F21CB29-CD55-4E4A-B906-6D5A369B65F9} = {7F21CB29-CD55-4E4A-B906-6D5A369B65F9}
		{F1B2A464-F17C-4081-9737-09B649ED9B3C} = {F1B2A464-F17C-4081-9737-09B649ED9B3C}
		{E9FFA070-001F-40C5-9AA2-02A2C2979AF1} = {E9FFA070-001F-40C5-9AA2-02A2C2979AF1}
	EndProjectSection
EndProject
Project("{8BC9CEB8-8B4A-11D0-8D11-00A0C91BC942}") = "JBFramework", "JBFramework\JBFramework.vcxproj", "{E9FFA070-001F-40C5-9AA2-02A2C2979AF1}"
	ProjectSection(ProjectDependencies) = postProject
		{7F21CB29-CD55-4E4A-B906-6D5A369B65F9} = {7F21CB29-CD55-4E4A-B906-6D5A369B65F9}
	EndProjectSection
EndProject
Project("{8BC9CEB8-8B4A-11D0-8D11-00A0C91BC942}") = "Box2D", "Box2D\Box2D.vcxproj", "{7F21CB29-CD55-4E4A-B906-6D5A369B65F9}"
EndProject
Project("{8BC9CEB8-8B4A-11D0-8D11-00A0C91BC942}") = "JBArchiveBuilder", "JBArchiveBuilder\JBArchiveBuilder.vcxproj", "{F1B2A464-F17C-4081-9737-09B649ED9B3C}"
	ProjectSection(ProjectDependencies) = postProject
		{E9FFA070-001F-40C5-9AA2-02A2C2979AF1} = {E9FFA070-001F-40C5-9AA2-02A2C2979AF1}
	EndProjectSection
EndProject
Project("{8BC9CEB8-8B4A-11D0-8D11-00A0C91BC942}") = "EU", "EU\EU.vcxproj", "{FD0BEB07-AF98-4FD1-AF91-06C7B96B2227}"
	ProjectSection(ProjectDependencies) = postProject
		{7F21CB29-CD55-4E4A-B906-6D5A369B65F9} = {7F21CB29-CD55-4E4A-B906-6D5A369B65F9}
		{F1B2A464-F17C-4081-9737-09B649ED9B3C} = {F1B2A464-F17C-4081-9737-09B649ED9B3C}
		{E9FFA070-001F-40C5-9AA2-02A2C2979AF1} = {E9FFA070-001F-40C5-9AA2-02A2C2979AF1}
	EndProjectSection
EndProject
Project("{2150E333-8FDC-42A3-9474-1A3956D46DE8}") = "RawContent", "RawContent", "{BE28E37E-05E5-4E4D-B72F-91ADB8FCF644}"
EndProject
Project("{2150E333-8FDC-42A3-9474-1A3956D46DE8}") = "TRI_Models", "TRI_Models", "{F4399F44-1BC9-4A5F-9880-F740108BAD73}"
	ProjectSection(SolutionItems) = preProject
		RawContent\TRI_Models\JN-4.x = RawContent\TRI_Models\JN-4.x
	EndProjectSection
EndProject
Project("{2150E333-8FDC-42A3-9474-1A3956D46DE8}") = "TRI_Textures", "TRI_Textures", "{3A69451F-40F4-4080-9DA0-CD6A3519215F}"
EndProject
Project("{2150E333-8FDC-42A3-9474-1A3956D46DE8}") = "JN-4", "JN-4", "{A4315EC1-91BC-47BA-80C5-988725AF14F2}"
	ProjectSection(SolutionItems) = preProject
		RawContent\TRI_Textures\JN-4\bihull.bmp = RawContent\TRI_Textures\JN-4\bihull.bmp
		RawContent\TRI_Textures\JN-4\wings.bmp = RawContent\TRI_Textures\JN-4\wings.bmp
	EndProjectSection
EndProject
Project("{2150E333-8FDC-42A3-9474-1A3956D46DE8}") = "EU_Sprites", "EU_Sprites", "{B68946F6-522B-4AFB-B2C6-B245583816B7}"
EndProject
Project("{2150E333-8FDC-42A3-9474-1A3956D46DE8}") = "EU_Shaders", "EU_Shaders", "{E65A6233-2C5C-492B-9F52-5956FC033044}"
EndProject
Global
	GlobalSection(SolutionConfigurationPlatforms) = preSolution
		Debug|x86 = Debug|x86
		Release|x86 = Release|x86
	EndGlobalSection
	GlobalSection(ProjectConfigurationPlatforms) = postSolution
		{C856B780-F8A6-4EFC-B8B2-3689A582F998}.Debug|x86.ActiveCfg = Debug|Win32
		{C856B780-F8A6-4EFC-B8B2-3689A582F998}.Debug|x86.Build.0 = Debug|Win32
		{C856B780-F8A6-4EFC-B8B2-3689A582F998}.Release|x86.ActiveCfg = Release|Win32
		{C856B780-F8A6-4EFC-B8B2-3689A582F998}.Release|x86.Build.0 = Release|Win32
		{E9FFA070-001F-40C5-9AA2-02A2C2979AF1}.Debug|x86.ActiveCfg = Debug|Win32
		{E9FFA070-001F-40C5-9AA2-02A2C2979AF1}.Debug|x86.Build.0 = Debug|Win32
		{E9FFA070-001F-40C5-9AA2-02A2C2979AF1}.Release|x86.ActiveCfg = Release|Win32
		{E9FFA070-001F-40C5-9AA2-02A2C2979AF1}.Release|x86.Build.0 = Release|Win32
		{7F21CB29-CD55-4E4A-B906-6D5A369B65F9}.Debug|x86.ActiveCfg = Debug|Win32
		{7F21CB29-CD55-4E4A-B906-6D5A369B65F9}.Debug|x86.Build.0 = Debug|Win32
		{7F21CB29-CD55-4E4A-B906-6D5A369B65F9}.Release|x86.ActiveCfg = Release|Win32
		{7F21CB29-CD55-4E4A-B906-6D5A369B65F9}.Release|x86.Build.0 = Release|Win32
		{F1B2A464-F17C-4081-9737-09B649ED9B3C}.Debug|x86.ActiveCfg = Debug|Win32
		{F1B2A464-F17C-4081-9737-09B649ED9B3C}.Debug|x86.Build.0 = Debug|Win32
		{F1B2A464-F17C-4081-9737-09B649ED9B3C}.Release|x86.ActiveCfg = Release|Win32
		{F1B2A464-F17C-4081-9737-09B649ED9B3C}.Release|x86.Build.0 = Release|Win32
		{FD0BEB07-AF98-4FD1-AF91-06C7B96B2227}.Debug|x86.ActiveCfg = Debug|Win32
		{FD0BEB07-AF98-4FD1-AF91-06C7B96B2227}.Debug|x86.Build.0 = Debug|Win32
		{FD0BEB07-AF98-4FD1-AF91-06C7B96B2227}.Release|x86.ActiveCfg = Release|Win32
		{FD0BEB07-AF98-4FD1-AF91-06C7B96B2227}.Release|x86.Build.0 = Release|Win32
	EndGlobalSection
	GlobalSection(SolutionProperties) = preSolution
		HideSolutionNode = FALSE
	EndGlobalSection
	GlobalSection(NestedProjects) = preSolution
		{F4399F44-1BC9-4A5F-9880-F740108BAD73} = {BE28E37E-05E5-4E4D-B72F-91ADB8FCF644}
		{3A69451F-40F4-4080-9DA0-CD6A3519215F} = {BE28E37E-05E5-4E4D-B72F-91ADB8FCF644}
		{A4315EC1-91BC-47BA-80C5-988725AF14F2} = {3A69451F-40F4-4080-9DA0-CD6A3519215F}
		{B68946F6-522B-4AFB-B2C6-B245583816B7} = {BE28E37E-05E5-4E4D-B72F-91ADB8FCF644}
		{E65A6233-2C5C-492B-9F52-5956FC033044} = {BE28E37E-05E5-4E4D-B72F-91ADB8FCF644}
	EndGlobalSection
EndGlobal
