<?xml version="1.0" encoding="utf-8"?>
<Project ToolsVersion="4.0" xmlns="http://schemas.microsoft.com/developer/msbuild/2003">
  <ItemGroup>
    <ClCompile Include="main.cpp" />
    <ClCompile Include="pch.cpp" />
    <ClCompile Include="Object\ObjAxis.cpp">
      <Filter>Object</Filter>
    </ClCompile>
    <ClCompile Include="Object\ObjCamera.cpp">
      <Filter>Object</Filter>
    </ClCompile>
    <ClCompile Include="Object\ObjFont.cpp">
      <Filter>Object</Filter>
    </ClCompile>
    <ClCompile Include="Object\ObjGrid.cpp">
      <Filter>Object</Filter>
    </ClCompile>
    <ClCompile Include="Stage\StageTest.cpp">
      <Filter>Stage</Filter>
    </ClCompile>
    <ClCompile Include="Base\BaseMesh.cpp">
      <Filter>Base</Filter>
    </ClCompile>
    <ClCompile Include="Base\BaseXFormatMesh.cpp">
      <Filter>Base</Filter>
    </ClCompile>
    <ClCompile Include="Object\ObjPlane.cpp">
      <Filter>Object</Filter>
    </ClCompile>
    <ClCompile Include="Config\CfgParseINI.cpp">
      <Filter>Config</Filter>
    </ClCompile>
    <ClCompile Include="Public\ArchiveTable.cpp">
      <Filter>Public</Filter>
    </ClCompile>
    <ClCompile Include="Object\ObjDwarf.cpp">
      <Filter>Object</Filter>
    </ClCompile>
    <ClCompile Include="Public\ShaderTable.cpp">
      <Filter>Public</Filter>
    </ClCompile>
  </ItemGroup>
  <ItemGroup>
    <ClInclude Include="pch.h" />
    <ClInclude Include="Object\ObjAxis.h">
      <Filter>Object</Filter>
    </ClInclude>
    <ClInclude Include="Object\ObjCamera.h">
      <Filter>Object</Filter>
    </ClInclude>
    <ClInclude Include="Object\ObjFont.h">
      <Filter>Object</Filter>
    </ClInclude>
    <ClInclude Include="Object\ObjGrid.h">
      <Filter>Object</Filter>
    </ClInclude>
    <ClInclude Include="Stage\StageTest.h">
      <Filter>Stage</Filter>
    </ClInclude>
    <ClInclude Include="Base\BaseMesh.h">
      <Filter>Base</Filter>
    </ClInclude>
    <ClInclude Include="Object\Object.h">
      <Filter>Object</Filter>
    </ClInclude>
    <ClInclude Include="Base\Base.h">
      <Filter>Base</Filter>
    </ClInclude>
    <ClInclude Include="Base\BaseXFormatMesh.h">
      <Filter>Base</Filter>
    </ClInclude>
    <ClInclude Include="Object\ObjPlane.h">
      <Filter>Object</Filter>
    </ClInclude>
    <ClInclude Include="Config\Config.h">
      <Filter>Config</Filter>
    </ClInclude>
    <ClInclude Include="Config\CfgParseINI.h">
      <Filter>Config</Filter>
    </ClInclude>
    <ClInclude Include="Public\ArchiveTable.h">
      <Filter>Public</Filter>
    </ClInclude>
    <ClInclude Include="Public\Public.h">
      <Filter>Public</Filter>
    </ClInclude>
    <ClInclude Include="Object\ObjDwarf.h">
      <Filter>Object</Filter>
    </ClInclude>
    <ClInclude Include="Public\ShaderTable.h">
      <Filter>Public</Filter>
    </ClInclude>
  </ItemGroup>
  <ItemGroup>
    <Filter Include="Object">
      <UniqueIdentifier>{d54e170a-0bcb-404d-a2fa-c62e6c603bfc}</UniqueIdentifier>
    </Filter>
    <Filter Include="Stage">
      <UniqueIdentifier>{80578552-2ec8-4e70-b386-4c9ae8f2b13a}</UniqueIdentifier>
    </Filter>
    <Filter Include="Base">
      <UniqueIdentifier>{54b9f179-7a80-46e8-a696-2bcee845b92f}</UniqueIdentifier>
    </Filter>
    <Filter Include="Config">
      <UniqueIdentifier>{ec3ddabc-a523-47ff-804a-4c5e58ed0ac0}</UniqueIdentifier>
    </Filter>
    <Filter Include="Public">
      <UniqueIdentifier>{03519b88-42c8-4273-8648-139c52ebad92}</UniqueIdentifier>
    </Filter>
    <Filter Include="Shader">
      <UniqueIdentifier>{9b021c9c-0191-4f6b-93de-ff8f0931d7e0}</UniqueIdentifier>
    </Filter>
  </ItemGroup>
  <ItemGroup>
    <FxCompile Include="Shader\light.fx">
      <Filter>Shader</Filter>
    </FxCompile>
  </ItemGroup>
</Project>