<?xml version="1.0" encoding="utf-8"?>
<Project ToolsVersion="4.0" xmlns="http://schemas.microsoft.com/developer/msbuild/2003">
  <ItemGroup>
    <ClCompile Include="main.cpp" />
    <ClCompile Include="pch.cpp" />
    <ClCompile Include="Object\ObjCamera.cpp">
      <Filter>Object</Filter>
    </ClCompile>
    <ClCompile Include="Stage\StageTest.cpp">
      <Filter>Stage</Filter>
    </ClCompile>
    <ClCompile Include="Base\BasePlane.cpp">
      <Filter>Base</Filter>
    </ClCompile>
    <ClCompile Include="Object\ObjTest.cpp">
      <Filter>Object</Filter>
    </ClCompile>
    <ClCompile Include="Stage\Stage.cpp">
      <Filter>Stage</Filter>
    </ClCompile>
    <ClCompile Include="Stage\StageTitle.cpp">
      <Filter>Stage</Filter>
    </ClCompile>
    <ClCompile Include="Public\ArchiveTable.cpp">
      <Filter>Public</Filter>
    </ClCompile>
    <ClCompile Include="Public\ShaderTable.cpp">
      <Filter>Public</Filter>
    </ClCompile>
    <ClCompile Include="Public\GlobalObject.cpp">
      <Filter>Public</Filter>
    </ClCompile>
    <ClCompile Include="Object\ObjBackground.cpp">
      <Filter>Object</Filter>
    </ClCompile>
    <ClCompile Include="Stage\StageTitleAllocate.cpp">
      <Filter>Stage</Filter>
    </ClCompile>
    <ClCompile Include="Stage\StageTitleDraw.cpp">
      <Filter>Stage</Filter>
    </ClCompile>
    <ClCompile Include="Stage\StageTitleUtility.cpp">
      <Filter>Stage</Filter>
    </ClCompile>
    <ClCompile Include="Object\ObjLight.cpp">
      <Filter>Object</Filter>
    </ClCompile>
    <ClCompile Include="Base\BaseObject.cpp">
      <Filter>Base</Filter>
    </ClCompile>
    <ClCompile Include="Object\ObjForeground.cpp">
      <Filter>Object</Filter>
    </ClCompile>
  </ItemGroup>
  <ItemGroup>
    <ClInclude Include="pch.h" />
    <ClInclude Include="Object\ObjCamera.h">
      <Filter>Object</Filter>
    </ClInclude>
    <ClInclude Include="Stage\StageTest.h">
      <Filter>Stage</Filter>
    </ClInclude>
    <ClInclude Include="Base\Base.h">
      <Filter>Base</Filter>
    </ClInclude>
    <ClInclude Include="Base\BasePlane.h">
      <Filter>Base</Filter>
    </ClInclude>
    <ClInclude Include="Object\Object.h">
      <Filter>Object</Filter>
    </ClInclude>
    <ClInclude Include="Object\ObjTest.h">
      <Filter>Object</Filter>
    </ClInclude>
    <ClInclude Include="Stage\Stage.h">
      <Filter>Stage</Filter>
    </ClInclude>
    <ClInclude Include="Stage\StageTitle.h">
      <Filter>Stage</Filter>
    </ClInclude>
    <ClInclude Include="Public\Public.h">
      <Filter>Public</Filter>
    </ClInclude>
    <ClInclude Include="Public\ArchiveTable.h">
      <Filter>Public</Filter>
    </ClInclude>
    <ClInclude Include="Public\ShaderTable.h">
      <Filter>Public</Filter>
    </ClInclude>
    <ClInclude Include="Public\GlobalObject.h">
      <Filter>Public</Filter>
    </ClInclude>
    <ClInclude Include="Object\ObjBackground.h">
      <Filter>Object</Filter>
    </ClInclude>
    <ClInclude Include="Object\ObjLight.h">
      <Filter>Object</Filter>
    </ClInclude>
    <ClInclude Include="Base\BaseObject.h">
      <Filter>Base</Filter>
    </ClInclude>
    <ClInclude Include="Object\ObjForeground.h">
      <Filter>Object</Filter>
    </ClInclude>
  </ItemGroup>
  <ItemGroup>
    <Filter Include="Object">
      <UniqueIdentifier>{8c3f2860-7acb-4c0a-a1a6-43d2ae037e80}</UniqueIdentifier>
    </Filter>
    <Filter Include="Stage">
      <UniqueIdentifier>{a4657fac-3cc2-4daf-b69e-7db292a70750}</UniqueIdentifier>
    </Filter>
    <Filter Include="Shader">
      <UniqueIdentifier>{821684ee-3786-480c-ac7b-2a5726a82f7d}</UniqueIdentifier>
    </Filter>
    <Filter Include="Base">
      <UniqueIdentifier>{1340b1a7-9953-43b4-9937-f4b88192c9f8}</UniqueIdentifier>
    </Filter>
    <Filter Include="Public">
      <UniqueIdentifier>{35a43d0a-a571-486b-82fc-fccc7de25c72}</UniqueIdentifier>
    </Filter>
  </ItemGroup>
  <ItemGroup>
    <FxCompile Include="Shader\Bright.fx">
      <Filter>Shader</Filter>
    </FxCompile>
    <FxCompile Include="Shader\Blur.fx">
      <Filter>Shader</Filter>
    </FxCompile>
    <FxCompile Include="Shader\CubicDistortion.fx">
      <Filter>Shader</Filter>
    </FxCompile>
    <FxCompile Include="Shader\Basic.fx">
      <Filter>Shader</Filter>
    </FxCompile>
    <FxCompile Include="Shader\LightExtract.fx">
      <Filter>Shader</Filter>
    </FxCompile>
    <FxCompile Include="Shader\LightCombine.fx">
      <Filter>Shader</Filter>
    </FxCompile>
    <FxCompile Include="Shader\BloomCombine.fx">
      <Filter>Shader</Filter>
    </FxCompile>
    <FxCompile Include="Shader\RGBZero.fx">
      <Filter>Shader</Filter>
    </FxCompile>
  </ItemGroup>
</Project>