<?xml version="1.0" encoding="utf-8"?>
<Project ToolsVersion="4.0" xmlns="http://schemas.microsoft.com/developer/msbuild/2003">
  <ItemGroup>
    <ClCompile Include="ArchiveTable.cpp" />
    <ClCompile Include="main.cpp" />
    <ClCompile Include="pch.cpp" />
    <ClCompile Include="Object\ObjCamera.cpp">
      <Filter>Object</Filter>
    </ClCompile>
    <ClCompile Include="Stage\StageTest.cpp">
      <Filter>Stage</Filter>
    </ClCompile>
    <ClCompile Include="Base\BasePlane.cpp">
      <Filter>Base</Filter>
    </ClCompile>
    <ClCompile Include="Object\ObjHuman.cpp">
      <Filter>Object</Filter>
    </ClCompile>
  </ItemGroup>
  <ItemGroup>
    <ClInclude Include="ArchiveTable.h" />
    <ClInclude Include="pch.h" />
    <ClInclude Include="Object\ObjCamera.h">
      <Filter>Object</Filter>
    </ClInclude>
    <ClInclude Include="Stage\StageTest.h">
      <Filter>Stage</Filter>
    </ClInclude>
    <ClInclude Include="Base\Base.h">
      <Filter>Base</Filter>
    </ClInclude>
    <ClInclude Include="Base\BasePlane.h">
      <Filter>Base</Filter>
    </ClInclude>
    <ClInclude Include="Object\Object.h">
      <Filter>Object</Filter>
    </ClInclude>
    <ClInclude Include="Object\ObjHuman.h">
      <Filter>Object</Filter>
    </ClInclude>
  </ItemGroup>
  <ItemGroup>
    <Filter Include="Object">
      <UniqueIdentifier>{8c3f2860-7acb-4c0a-a1a6-43d2ae037e80}</UniqueIdentifier>
    </Filter>
    <Filter Include="Stage">
      <UniqueIdentifier>{a4657fac-3cc2-4daf-b69e-7db292a70750}</UniqueIdentifier>
    </Filter>
    <Filter Include="Shader">
      <UniqueIdentifier>{821684ee-3786-480c-ac7b-2a5726a82f7d}</UniqueIdentifier>
    </Filter>
    <Filter Include="Base">
      <UniqueIdentifier>{1340b1a7-9953-43b4-9937-f4b88192c9f8}</UniqueIdentifier>
    </Filter>
  </ItemGroup>
  <ItemGroup>
    <FxCompile Include="Shader\Basic.fx">
      <Filter>Shader</Filter>
    </FxCompile>
  </ItemGroup>
</Project>